
Microsoft Visual Studio Solution File, Format Version 12.00
# Visual Studio Version 17
VisualStudioVersion = 17.13.35931.197 d17.13
MinimumVisualStudioVersion = 10.0.40219.1
Project("{FAE04EC0-301F-11D3-BF4B-00C04F79EFBC}") = "CowShop", "CowShop.csproj", "{1458A3B7-6FB2-4FA1-AEC3-7398020F690A}"
EndProject
Global
	GlobalSection(SolutionConfigurationPlatforms) = preSolution
		Debug|Any CPU = Debug|Any CPU
		Release|Any CPU = Release|Any CPU
	EndGlobalSection
	GlobalSection(ProjectConfigurationPlatforms) = postSolution
		{1458A3B7-6FB2-4FA1-AEC3-7398020F690A}.Debug|Any CPU.ActiveCfg = Debug|Any CPU
		{1458A3B7-6FB2-4FA1-AEC3-7398020F690A}.Debug|Any CPU.Build.0 = Debug|Any CPU
		{1458A3B7-6FB2-4FA1-AEC3-7398020F690A}.Release|Any CPU.ActiveCfg = Release|Any CPU
		{1458A3B7-6FB2-4FA1-AEC3-7398020F690A}.Release|Any CPU.Build.0 = Release|Any CPU
	EndGlobalSection
	GlobalSection(SolutionProperties) = preSolution
		HideSolutionNode = FALSE
	EndGlobalSection
	GlobalSection(ExtensibilityGlobals) = postSolution
		SolutionGuid = {CD3AEC64-6723-4096-8840-74285C93D9F4}
	EndGlobalSection
EndGlobal
